<?xml version="1.0" encoding="utf-8"?>
<Project ToolsVersion="4.0" xmlns="http://schemas.microsoft.com/developer/msbuild/2003">
  <ItemGroup>
    <Filter Include="Common">
      <UniqueIdentifier>3f736c77-54c1-4008-8f03-8ede5f062a87</UniqueIdentifier>
    </Filter>
    <Filter Include="Assets">
      <UniqueIdentifier>460e271e-cec6-4ed2-a076-b67d35875fe9</UniqueIdentifier>
      <Extensions>ico;cur;bmp;dds;dlg;fbx;rct;bin;rgs;gif;jpg;jpeg;jpe;resx;tga;tiff;tif;png;wav;mfcribbon-ms</Extensions>
    </Filter>
    <Filter Include="Utilities">
      <UniqueIdentifier>{988d5068-444d-4f56-a9c9-604e55dc210e}</UniqueIdentifier>
    </Filter>
    <Filter Include="Objects">
      <UniqueIdentifier>{543abd90-84d9-4b54-adcb-6fcd4a140ef6}</UniqueIdentifier>
    </Filter>
    <Filter Include="Configuration">
      <UniqueIdentifier>{eef64a9a-bab5-4bda-973d-ef13300edcbc}</UniqueIdentifier>
    </Filter>
    <Filter Include="Controllers">
      <UniqueIdentifier>{8a7a8f47-2e14-41e2-b663-1f66b16771d6}</UniqueIdentifier>
    </Filter>
    <Filter Include="Assets\Images">
      <UniqueIdentifier>{17e9385b-ba40-400b-aff9-674f3cde18f0}</UniqueIdentifier>
    </Filter>
    <Filter Include="Assets\Models">
      <UniqueIdentifier>{48fb9b1f-85b3-4ec7-987a-2446e7b3244b}</UniqueIdentifier>
    </Filter>
    <Filter Include="Assets\Sounds">
      <UniqueIdentifier>{ec3ac6e8-652f-4e7c-a2e6-123f7c73733f}</UniqueIdentifier>
    </Filter>
    <Filter Include="Assets\Sounds\Effects">
      <UniqueIdentifier>{58659c57-8480-48c0-ace3-f3ca6625ac24}</UniqueIdentifier>
    </Filter>
    <Filter Include="Assets\Sounds\Music">
      <UniqueIdentifier>{077aead3-cb0e-4fa2-87fd-9166e69fae0f}</UniqueIdentifier>
    </Filter>
    <Filter Include="Assets\Fonts">
      <UniqueIdentifier>{f46e78ae-744a-47b8-81ef-fcd6ab2e03f5}</UniqueIdentifier>
    </Filter>
    <Filter Include="Assets\Images\Buttons">
      <UniqueIdentifier>{60026e8e-72a4-4ae6-9321-30292518202e}</UniqueIdentifier>
    </Filter>
    <Filter Include="Assets\Images\General">
      <UniqueIdentifier>{7f2c946c-4adc-4895-81a2-d3333df6a1f4}</UniqueIdentifier>
    </Filter>
    <Filter Include="UI">
      <UniqueIdentifier>{ff4e0f89-3ee6-4b94-957c-09b4239e3ccb}</UniqueIdentifier>
    </Filter>
    <Filter Include="Assets\Images\Models">
      <UniqueIdentifier>{e84dbc31-8338-440b-b5d5-b22cd7fb949b}</UniqueIdentifier>
    </Filter>
  </ItemGroup>
  <ItemGroup>
    <ClInclude Include="Game.h" />
    <ClInclude Include="StepTimer.h">
      <Filter>Common</Filter>
    </ClInclude>
    <ClInclude Include="DeviceResources.h">
      <Filter>Common</Filter>
    </ClInclude>
    <ClInclude Include="d3dx12.h">
      <Filter>Common</Filter>
    </ClInclude>
    <ClInclude Include="Audio.h">
      <Filter>Configuration</Filter>
    </ClInclude>
    <ClInclude Include="Configs.h">
      <Filter>Configuration</Filter>
    </ClInclude>
    <ClInclude Include="Gameplay.h">
      <Filter>Configuration</Filter>
    </ClInclude>
    <ClInclude Include="JSONConverters.hpp">
      <Filter>Utilities</Filter>
    </ClInclude>
    <ClInclude Include="Keybinds.h">
      <Filter>Configuration</Filter>
    </ClInclude>
    <ClInclude Include="KeyboardController.h">
      <Filter>Controllers</Filter>
    </ClInclude>
    <ClInclude Include="MouseController.h">
      <Filter>Controllers</Filter>
    </ClInclude>
    <ClInclude Include="Video.h">
      <Filter>Configuration</Filter>
    </ClInclude>
    <ClInclude Include="Throwable.h">
      <Filter>Objects</Filter>
    </ClInclude>
    <ClInclude Include="PowerUp.h">
      <Filter>Objects</Filter>
    </ClInclude>
    <ClInclude Include="Player.h">
      <Filter>Objects</Filter>
    </ClInclude>
    <ClInclude Include="ObjectManager.h">
      <Filter>Objects</Filter>
    </ClInclude>
    <ClInclude Include="Object.h">
      <Filter>Objects</Filter>
    </ClInclude>
    <ClInclude Include="Headers.h">
      <Filter>Common</Filter>
    </ClInclude>
    <ClInclude Include="Menu.h">
      <Filter>UI</Filter>
    </ClInclude>
    <ClInclude Include="Button.h">
      <Filter>UI</Filter>
    </ClInclude>
    <ClInclude Include="Text.h">
      <Filter>UI</Filter>
    </ClInclude>
    <ClInclude Include="Image.h">
      <Filter>UI</Filter>
    </ClInclude>
    <ClInclude Include="Sound.h">
      <Filter>Objects</Filter>
    </ClInclude>
    <ClInclude Include="SoundManager.h">
      <Filter>Objects</Filter>
    </ClInclude>
    <ClInclude Include="Align.h">
      <Filter>UI</Filter>
    </ClInclude>
    <ClInclude Include="UIElement.h">
      <Filter>UI</Filter>
    </ClInclude>
    <ClInclude Include="UIDescriptors.h">
      <Filter>UI</Filter>
    </ClInclude>
    <ClInclude Include="Font.h">
      <Filter>UI</Filter>
    </ClInclude>
    <ClInclude Include="Camera.h">
      <Filter>Objects</Filter>
    </ClInclude>
    <ClInclude Include="StringExtensions.hpp">
      <Filter>Utilities</Filter>
    </ClInclude>
  </ItemGroup>
  <ItemGroup>
    <ClCompile Include="Game.cpp" />
    <ClCompile Include="Main.cpp" />
    <ClCompile Include="DeviceResources.cpp">
      <Filter>Common</Filter>
    </ClCompile>
    <ClCompile Include="Audio.cpp">
      <Filter>Configuration</Filter>
    </ClCompile>
    <ClCompile Include="Configs.cpp">
      <Filter>Configuration</Filter>
    </ClCompile>
    <ClCompile Include="Gameplay.cpp">
      <Filter>Configuration</Filter>
    </ClCompile>
    <ClCompile Include="Keybinds.cpp">
      <Filter>Configuration</Filter>
    </ClCompile>
    <ClCompile Include="KeyboardController.cpp">
      <Filter>Controllers</Filter>
    </ClCompile>
    <ClCompile Include="MouseController.cpp">
      <Filter>Controllers</Filter>
    </ClCompile>
    <ClCompile Include="Throwable.cpp">
      <Filter>Objects</Filter>
    </ClCompile>
    <ClCompile Include="PowerUp.cpp">
      <Filter>Objects</Filter>
    </ClCompile>
    <ClCompile Include="Player.cpp">
      <Filter>Objects</Filter>
    </ClCompile>
    <ClCompile Include="ObjectManager.cpp">
      <Filter>Objects</Filter>
    </ClCompile>
    <ClCompile Include="Object.cpp">
      <Filter>Objects</Filter>
    </ClCompile>
    <ClCompile Include="Headers.cpp">
      <Filter>Common</Filter>
    </ClCompile>
    <ClCompile Include="Menu.cpp">
      <Filter>UI</Filter>
    </ClCompile>
    <ClCompile Include="Button.cpp">
      <Filter>UI</Filter>
    </ClCompile>
    <ClCompile Include="Text.cpp">
      <Filter>UI</Filter>
    </ClCompile>
    <ClCompile Include="Image.cpp">
      <Filter>UI</Filter>
    </ClCompile>
    <ClCompile Include="Video.cpp">
      <Filter>Configuration</Filter>
    </ClCompile>
    <ClCompile Include="Sound.cpp">
      <Filter>Objects</Filter>
    </ClCompile>
    <ClCompile Include="SoundManager.cpp">
      <Filter>Objects</Filter>
    </ClCompile>
    <ClCompile Include="Font.cpp">
      <Filter>UI</Filter>
    </ClCompile>
    <ClCompile Include="UIElement.cpp">
      <Filter>UI</Filter>
    </ClCompile>
    <ClCompile Include="Camera.cpp">
      <Filter>Objects</Filter>
    </ClCompile>
  </ItemGroup>
  <ItemGroup>
    <ResourceCompile Include="resource.rc" />
  </ItemGroup>
  <ItemGroup>
    <None Include="Assets\Models\gamefloor.sdkmesh">
      <Filter>Assets\Models</Filter>
    </None>
    <None Include="Assets\Models\player.sdkmesh">
      <Filter>Assets\Models</Filter>
    </None>
    <None Include="Assets\Models\spear.sdkmesh">
      <Filter>Assets\Models</Filter>
    </None>
    <None Include="Assets\Models\throwing_knife.sdkmesh">
      <Filter>Assets\Models</Filter>
    </None>
    <None Include="Assets\Models\throwing_star.sdkmesh">
      <Filter>Assets\Models</Filter>
    </None>
    <None Include="Assets\Fonts\roboto.spritefont">
      <Filter>Assets\Fonts</Filter>
    </None>
    <None Include="Assets\Fonts\courier.spritefont">
      <Filter>Assets\Fonts</Filter>
    </None>
  </ItemGroup>
  <ItemGroup>
    <Manifest Include="Assets\settings.manifest">
      <Filter>Assets</Filter>
    </Manifest>
  </ItemGroup>
  <ItemGroup>
    <Media Include="Assets\Sounds\Effects\hit_1.wav">
      <Filter>Assets\Sounds\Effects</Filter>
    </Media>
    <Media Include="Assets\Sounds\Effects\hit_2.wav">
      <Filter>Assets\Sounds\Effects</Filter>
    </Media>
    <Media Include="Assets\Sounds\Effects\hit_3.wav">
      <Filter>Assets\Sounds\Effects</Filter>
    </Media>
    <Media Include="Assets\Sounds\Effects\hit_4.wav">
      <Filter>Assets\Sounds\Effects</Filter>
    </Media>
    <Media Include="Assets\Sounds\Effects\jump.wav">
      <Filter>Assets\Sounds\Effects</Filter>
    </Media>
    <Media Include="Assets\Sounds\Effects\land.wav">
      <Filter>Assets\Sounds\Effects</Filter>
    </Media>
    <Media Include="Assets\Sounds\Effects\ui_click.wav">
      <Filter>Assets\Sounds\Effects</Filter>
    </Media>
    <Media Include="Assets\Sounds\Music\ingame.wav">
      <Filter>Assets\Sounds\Music</Filter>
    </Media>
    <Media Include="Assets\Sounds\Music\titlescreen.wav">
      <Filter>Assets\Sounds\Music</Filter>
    </Media>
  </ItemGroup>
  <ItemGroup>
    <Image Include="Assets\Images\cog.png">
      <Filter>Assets\Images\Buttons</Filter>
    </Image>
    <Image Include="Assets\Images\Buttons\gray.png">
      <Filter>Assets\Images\Buttons</Filter>
    </Image>
    <Image Include="Assets\Images\Buttons\purple.png">
      <Filter>Assets\Images\Buttons</Filter>
    </Image>
    <Image Include="Assets\Images\dodge.ico">
      <Filter>Assets\Images\General</Filter>
    </Image>
    <Image Include="Assets\Images\logo.png">
      <Filter>Assets\Images\General</Filter>
    </Image>
    <Image Include="Assets\Images\General\crosshair.png">
      <Filter>Assets\Images\General</Filter>
    </Image>
    <Image Include="Assets\Images\General\background.png">
      <Filter>Assets\Images\General</Filter>
    </Image>
    <Image Include="Assets\Images\General\background-transparent.png">
      <Filter>Assets</Filter>
    </Image>
    <Image Include="Assets\Images\Models\gamefloor.png">
      <Filter>Assets\Images\Models</Filter>
    </Image>
  </ItemGroup>
</Project>